<?xml version="1.0" encoding="utf-8"?>
<Project ToolsVersion="4.0" xmlns="http://schemas.microsoft.com/developer/msbuild/2003">
  <ItemGroup>
    <Filter Include="Interfaces">
      <UniqueIdentifier>{dd3c8b3b-dc7b-4c77-8b6b-ac1e07172bdd}</UniqueIdentifier>
    </Filter>
    <Filter Include="Models">
      <UniqueIdentifier>{2db0c16c-512b-4f02-9ed3-cd73a120cadd}</UniqueIdentifier>
    </Filter>
    <Filter Include="Misc">
      <UniqueIdentifier>{bc756319-6d64-4670-ac78-a1914326191b}</UniqueIdentifier>
    </Filter>
    <Filter Include="Abstract">
      <UniqueIdentifier>{1985e55d-fbd9-400a-9a0d-a6d7e8cdfd1f}</UniqueIdentifier>
    </Filter>
    <Filter Include="Data">
      <UniqueIdentifier>{09ad4b51-7953-49a3-816d-5d620dfe4d24}</UniqueIdentifier>
    </Filter>
  </ItemGroup>
  <ItemGroup>
    <ClInclude Include="Model.h">
      <Filter>Abstract</Filter>
    </ClInclude>
    <ClInclude Include="HelperFuncs.h">
      <Filter>Misc</Filter>
    </ClInclude>
    <ClInclude Include="ISerializable.h">
      <Filter>Interfaces</Filter>
    </ClInclude>
    <ClInclude Include="User.h">
      <Filter>Models</Filter>
    </ClInclude>
    <ClInclude Include="Admin.h">
      <Filter>Models</Filter>
    </ClInclude>
    <ClInclude Include="AppService.h">
      <Filter>Misc</Filter>
    </ClInclude>
    <ClInclude Include="IStorage.h">
      <Filter>Interfaces</Filter>
    </ClInclude>
    <ClInclude Include="Apartment.h">
      <Filter>Models</Filter>
    </ClInclude>
    <ClInclude Include="Db.h">
      <Filter>Data</Filter>
    </ClInclude>
    <ClInclude Include="CsvFileStorage.h">
      <Filter>Data</Filter>
    </ClInclude>
    <ClInclude Include="Types.h">
      <Filter>Data</Filter>
    </ClInclude>
  </ItemGroup>
  <ItemGroup>
    <ClCompile Include="Source.cpp" />
    <ClCompile Include="Db.cpp">
      <Filter>Data</Filter>
    </ClCompile>
    <ClCompile Include="Types.cpp">
      <Filter>Data</Filter>
    </ClCompile>
  </ItemGroup>
</Project>